version = 1
revision = 3
requires-python = ">=3.12"

[[package]]
name = "badaniaoperacyjne"
version = "0.1.0"
source = { virtual = "." }
dependencies = [
    { name = "pulp" },
]

[package.metadata]
requires-dist = [{ name = "pulp" }]

[[package]]
name = "pulp"
version = "3.3.1"
source = { registry = "https://pypi.org/simple" }
sdist = { url = "https://files.pythonhosted.org/packages/58/a8/6e63330798761e0c903091786681651168fda7365f029b8b5d66160861f2/pulp-3.3.1.tar.gz", hash = "sha256:a9ec237a56981b11c2096e8ba6bb72006833410ba5b400aa257426f85df5e293", size = 16304830, upload-time = "2026-05-05T12:25:43.123Z" }
wheels = [
    { url = "https://files.pythonhosted.org/packages/9f/23/5a77fe2b50d962213338ae0fdd9832960186ebc423388fff1a56680e5114/pulp-3.3.1-py3-none-any.whl", hash = "sha256:45aa73db3368eb13b156564e092784c8fa0c1feefa64c2afb0410d9dc0bb5cd9", size = 16390866, upload-time = "2026-05-05T12:25:39.83Z" },
]
